<?xml version="1.0" encoding="utf-8"?>
<Project ToolsVersion="4.0" xmlns="http://schemas.microsoft.com/developer/msbuild/2003">
  <ItemGroup>
    <Filter Include="Source Files">
      <UniqueIdentifier>{4FC737F1-C7A5-4376-A066-2A32D752A2FF}</UniqueIdentifier>
      <Extensions>cpp;c;cc;cxx;def;odl;idl;hpj;bat;asm;asmx</Extensions>
    </Filter>
    <Filter Include="Header Files">
      <UniqueIdentifier>{93995380-89BD-4b04-88EB-625FBE52EBFB}</UniqueIdentifier>
      <Extensions>h;hpp;hxx;hm;inl;inc;xsd</Extensions>
    </Filter>
    <Filter Include="Resource Files">
      <UniqueIdentifier>{67DA6AB6-F800-4c08-8B7A-83BB121AAD01}</UniqueIdentifier>
      <Extensions>rc;ico;cur;bmp;dlg;rc2;rct;bin;rgs;gif;jpg;jpeg;jpe;resx;tiff;tif;png;wav</Extensions>
    </Filter>
  </ItemGroup>
  <ItemGroup>
    <ClCompile Include="iz_api.c">
      <Filter>Source Files</Filter>
    </ClCompile>
    <ClCompile Include="iz_crc32.c">
      <Filter>Source Files</Filter>
    </ClCompile>
    <ClCompile Include="iz_crctab.c">
      <Filter>Source Files</Filter>
    </ClCompile>
    <ClCompile Include="iz_crpt.c">
      <Filter>Source Files</Filter>
    </ClCompile>
    <ClCompile Include="iz_envargs.c">
      <Filter>Source Files</Filter>
    </ClCompile>
    <ClCompile Include="iz_explode.c">
      <Filter>Source Files</Filter>
    </ClCompile>
    <ClCompile Include="iz_extract.c">
      <Filter>Source Files</Filter>
    </ClCompile>
    <ClCompile Include="iz_fileio.c">
      <Filter>Source Files</Filter>
    </ClCompile>
    <ClCompile Include="iz_globals.c">
      <Filter>Source Files</Filter>
    </ClCompile>
    <ClCompile Include="iz_inflate.c">
      <Filter>Source Files</Filter>
    </ClCompile>
    <ClCompile Include="iz_list.c">
      <Filter>Source Files</Filter>
    </ClCompile>
    <ClCompile Include="iz_match.c">
      <Filter>Source Files</Filter>
    </ClCompile>
    <ClCompile Include="iz_nt.c">
      <Filter>Source Files</Filter>
    </ClCompile>
    <ClCompile Include="iz_process.c">
      <Filter>Source Files</Filter>
    </ClCompile>
    <ClCompile Include="iz_ttyio.c">
      <Filter>Source Files</Filter>
    </ClCompile>
    <ClCompile Include="iz_unzip.c">
      <Filter>Source Files</Filter>
    </ClCompile>
    <ClCompile Include="iz_win32.c">
      <Filter>Source Files</Filter>
    </ClCompile>
    <ClCompile Include="iz_zipinfo.c">
      <Filter>Source Files</Filter>
    </ClCompile>
  </ItemGroup>
  <ItemGroup>
    <ClInclude Include="iz_consts.h">
      <Filter>Header Files</Filter>
    </ClInclude>
    <ClInclude Include="iz_crypt.h">
      <Filter>Header Files</Filter>
    </ClInclude>
    <ClInclude Include="iz_ebcdic.h">
      <Filter>Header Files</Filter>
    </ClInclude>
    <ClInclude Include="iz_globals.h">
      <Filter>Header Files</Filter>
    </ClInclude>
    <ClInclude Include="iz_inflate.h">
      <Filter>Header Files</Filter>
    </ClInclude>
    <ClInclude Include="iz_nt.h">
      <Filter>Header Files</Filter>
    </ClInclude>
    <ClInclude Include="iz_ttyio.h">
      <Filter>Header Files</Filter>
    </ClInclude>
    <ClInclude Include="iz_unzip.h">
      <Filter>Header Files</Filter>
    </ClInclude>
    <ClInclude Include="iz_unzpriv.h">
      <Filter>Header Files</Filter>
    </ClInclude>
    <ClInclude Include="iz_userfun.h">
      <Filter>Header Files</Filter>
    </ClInclude>
    <ClInclude Include="iz_version.h">
      <Filter>Header Files</Filter>
    </ClInclude>
    <ClInclude Include="iz_w32cfg.h">
      <Filter>Header Files</Filter>
    </ClInclude>
    <ClInclude Include="iz_zip.h">
      <Filter>Header Files</Filter>
    </ClInclude>
  </ItemGroup>
  <ItemGroup>
    <None Include="ReadMe.txt" />
  </ItemGroup>
</Project>